
Microsoft Visual Studio Solution File, Format Version 12.00
# Visual Studio 14
VisualStudioVersion = 14.0.25123.0
MinimumVisualStudioVersion = 10.0.40219.1
Project("{7E2AA6FF-0717-4868-9539-FCE2CB6F9008}") = "Sitecore.Support.362689", "Sitecore.Support.362689\Sitecore.Support.362689.csproj", "{83699624-E2AA-4F32-9445-96D8CF7D280F}"
EndProject
Global
	GlobalSection(SolutionConfigurationPlatforms) = preSolution
		Debug|Any CPU = Debug|Any CPU
		Release|Any CPU = Release|Any CPU
	EndGlobalSection
	GlobalSection(ProjectConfigurationPlatforms) = postSolution
		{83699624-E2AA-4F32-9445-96D8CF7D280F}.Debug|Any CPU.ActiveCfg = Debug|Any CPU
		{83699624-E2AA-4F32-9445-96D8CF7D280F}.Debug|Any CPU.Build.0 = Debug|Any CPU
		{83699624-E2AA-4F32-9445-96D8CF7D280F}.Release|Any CPU.ActiveCfg = Release|Any CPU
		{83699624-E2AA-4F32-9445-96D8CF7D280F}.Release|Any CPU.Build.0 = Release|Any CPU
	EndGlobalSection
	GlobalSection(SolutionProperties) = preSolution
		HideSolutionNode = FALSE
	EndGlobalSection
EndGlobal
